{
  "name": "assets",
  "lockfileVersion": 3,
  "requires": true,
  "packages": {
    "../deps/phoenix": {
      "version": "1.6.15",
      "extraneous": true,
      "license": "MIT"
    },
    "../deps/phoenix_html": {
      "version": "3.2.0",
      "extraneous": true
    },
    "../deps/phoenix_live_view": {
      "version": "0.17.10",
      "extraneous": true,
      "license": "MIT"
    }
  }
}
